<?xml version="1.0" encoding="utf-8"?>
<Project ToolsVersion="4.0" xmlns="http://schemas.microsoft.com/developer/msbuild/2003">
  <ItemGroup>
    <Filter Include="源文件">
      <UniqueIdentifier>{4FC737F1-C7A5-4376-A066-2A32D752A2FF}</UniqueIdentifier>
      <Extensions>cpp;c;cc;cxx;c++;cppm;ixx;def;odl;idl;hpj;bat;asm;asmx</Extensions>
    </Filter>
    <Filter Include="头文件">
      <UniqueIdentifier>{93995380-89BD-4b04-88EB-625FBE52EBFB}</UniqueIdentifier>
      <Extensions>h;hh;hpp;hxx;h++;hm;inl;inc;ipp;xsd</Extensions>
    </Filter>
    <Filter Include="资源文件">
      <UniqueIdentifier>{67DA6AB6-F800-4c08-8B7A-83BB121AAD01}</UniqueIdentifier>
      <Extensions>rc;ico;cur;bmp;dlg;rc2;rct;bin;rgs;gif;jpg;jpeg;jpe;resx;tiff;tif;png;wav;mfcribbon-ms</Extensions>
    </Filter>
  </ItemGroup>
  <ItemGroup>
    <ClCompile Include="求二进制补码中1的个数.cpp">
      <Filter>源文件</Filter>
    </ClCompile>
    <ClCompile Include="两个二进制中不同位的个数.cpp">
      <Filter>源文件</Filter>
    </ClCompile>
    <ClCompile Include="获取二进制位的奇数位和偶数位.cpp">
      <Filter>源文件</Filter>
    </ClCompile>
    <ClCompile Include="函数判断素数.cpp">
      <Filter>源文件</Filter>
    </ClCompile>
    <ClCompile Include="函数交换两个整数.cpp">
      <Filter>源文件</Filter>
    </ClCompile>
    <ClCompile Include="乘法口诀表.cpp">
      <Filter>源文件</Filter>
    </ClCompile>
    <ClCompile Include="递归实现字符串逆序.cpp">
      <Filter>源文件</Filter>
    </ClCompile>
    <ClCompile Include="递归函数返回组成数字之和.cpp">
      <Filter>源文件</Filter>
    </ClCompile>
    <ClCompile Include="用递归实现n的k次方.cpp">
      <Filter>源文件</Filter>
    </ClCompile>
    <ClCompile Include="斐波那契函数.cpp">
      <Filter>源文件</Filter>
    </ClCompile>
    <ClCompile Include="0-100000之间的水仙花数.cpp">
      <Filter>源文件</Filter>
    </ClCompile>
  </ItemGroup>
</Project>